
Microsoft Visual Studio Solution File, Format Version 12.00
# Visual Studio Version 17
VisualStudioVersion = 17.14.36301.6 d17.14
MinimumVisualStudioVersion = 10.0.40219.1
Project("{FAE04EC0-301F-11D3-BF4B-00C04F79EFBC}") = "GALauncher2025", "GALauncher2025.csproj", "{E2AE16F7-98AB-4566-A7D2-F34BCF59CC3F}"
EndProject
Global
	GlobalSection(SolutionConfigurationPlatforms) = preSolution
		Debug|Any CPU = Debug|Any CPU
		Release|Any CPU = Release|Any CPU
	EndGlobalSection
	GlobalSection(ProjectConfigurationPlatforms) = postSolution
		{E2AE16F7-98AB-4566-A7D2-F34BCF59CC3F}.Debug|Any CPU.ActiveCfg = Debug|Any CPU
		{E2AE16F7-98AB-4566-A7D2-F34BCF59CC3F}.Debug|Any CPU.Build.0 = Debug|Any CPU
		{E2AE16F7-98AB-4566-A7D2-F34BCF59CC3F}.Release|Any CPU.ActiveCfg = Release|Any CPU
		{E2AE16F7-98AB-4566-A7D2-F34BCF59CC3F}.Release|Any CPU.Build.0 = Release|Any CPU
	EndGlobalSection
	GlobalSection(SolutionProperties) = preSolution
		HideSolutionNode = FALSE
	EndGlobalSection
	GlobalSection(ExtensibilityGlobals) = postSolution
		SolutionGuid = {09C9E8F9-333D-4CA7-B9E3-F9AC3B56DFDB}
	EndGlobalSection
EndGlobal
